
Microsoft Visual Studio Solution File, Format Version 12.00
# Visual Studio Version 17
VisualStudioVersion = 17.14.36301.6 d17.14
MinimumVisualStudioVersion = 10.0.40219.1
Project("{FAE04EC0-301F-11D3-BF4B-00C04F79EFBC}") = "Covoiturage_PFA", "Covoiturage_PFA\Covoiturage_PFA.csproj", "{51CDC7D5-BD25-4C8B-A9CA-C90F077DCE25}"
EndProject
Global
	GlobalSection(SolutionConfigurationPlatforms) = preSolution
		Debug|Any CPU = Debug|Any CPU
		Release|Any CPU = Release|Any CPU
	EndGlobalSection
	GlobalSection(ProjectConfigurationPlatforms) = postSolution
		{51CDC7D5-BD25-4C8B-A9CA-C90F077DCE25}.Debug|Any CPU.ActiveCfg = Debug|Any CPU
		{51CDC7D5-BD25-4C8B-A9CA-C90F077DCE25}.Debug|Any CPU.Build.0 = Debug|Any CPU
		{51CDC7D5-BD25-4C8B-A9CA-C90F077DCE25}.Release|Any CPU.ActiveCfg = Release|Any CPU
		{51CDC7D5-BD25-4C8B-A9CA-C90F077DCE25}.Release|Any CPU.Build.0 = Release|Any CPU
	EndGlobalSection
	GlobalSection(SolutionProperties) = preSolution
		HideSolutionNode = FALSE
	EndGlobalSection
	GlobalSection(ExtensibilityGlobals) = postSolution
		SolutionGuid = {0FFE2AF0-EDC5-440C-B47C-37E8E54D15F9}
	EndGlobalSection
EndGlobal
